{
  "name": "get-browser-path",
  "version": "1.0.0",
  "lockfileVersion": 2,
  "requires": true,
  "packages": {
    "": {
      "name": "get-browser-path",
      "version": "1.0.0",
      "license": "ISC",
      "dependencies": {
        "chrome-paths": "^1.0.1"
      }
    },
    "node_modules/chrome-paths": {
      "version": "1.0.1",
      "resolved": "https://registry.npmjs.org/chrome-paths/-/chrome-paths-1.0.1.tgz",
      "integrity": "sha512-yeWKB6TDWUL6qJDYGq14Z/ZT+/+dDVFF3hHd+R+D6+Yq7Z0fWwJvgZwzDC/14H7yN8qlC/cWQmVq3odOakX8GA==",
      "dependencies": {
        "karma-chrome-launcher": "^2.2.0"
      }
    },
    "node_modules/fs-access": {
      "version": "1.0.1",
      "resolved": "https://registry.npmjs.org/fs-access/-/fs-access-1.0.1.tgz",
      "integrity": "sha512-05cXDIwNbFaoFWaz5gNHlUTbH5whiss/hr/ibzPd4MH3cR4w0ZKeIPiVdbyJurg3O5r/Bjpvn9KOb1/rPMf3nA==",
      "dependencies": {
        "null-check": "^1.0.0"
      },
      "engines": {
        "node": ">=0.10.0"
      }
    },
    "node_modules/isexe": {
      "version": "2.0.0",
      "resolved": "https://registry.npmjs.org/isexe/-/isexe-2.0.0.tgz",
      "integrity": "sha512-RHxMLp9lnKHGHRng9QFhRCMbYAcVpn69smSGcq3f36xjgVVWThj4qqLbTLlq7Ssj8B+fIQ1EuCEGI2lKsyQeIw=="
    },
    "node_modules/karma-chrome-launcher": {
      "version": "2.2.0",
      "resolved": "https://registry.npmjs.org/karma-chrome-launcher/-/karma-chrome-launcher-2.2.0.tgz",
      "integrity": "sha512-uf/ZVpAabDBPvdPdveyk1EPgbnloPvFFGgmRhYLTDH7gEB4nZdSBk8yTU47w1g/drLSx5uMOkjKk7IWKfWg/+w==",
      "dependencies": {
        "fs-access": "^1.0.0",
        "which": "^1.2.1"
      }
    },
    "node_modules/null-check": {
      "version": "1.0.0",
      "resolved": "https://registry.npmjs.org/null-check/-/null-check-1.0.0.tgz",
      "integrity": "sha512-j8ZNHg19TyIQOWCGeeQJBuu6xZYIEurf8M1Qsfd8mFrGEfIZytbw18YjKWg+LcO25NowXGZXZpKAx+Ui3TFfDw==",
      "engines": {
        "node": ">=0.10.0"
      }
    },
    "node_modules/which": {
      "version": "1.3.1",
      "resolved": "https://registry.npmjs.org/which/-/which-1.3.1.tgz",
      "integrity": "sha512-HxJdYWq1MTIQbJ3nw0cqssHoTNU267KlrDuGZ1WYlxDStUtKUhOaJmh112/TZmHxxUfuJqPXSOm7tDyas0OSIQ==",
      "dependencies": {
        "isexe": "^2.0.0"
      },
      "bin": {
        "which": "bin/which"
      }
    }
  },
  "dependencies": {
    "chrome-paths": {
      "version": "1.0.1",
      "resolved": "https://registry.npmjs.org/chrome-paths/-/chrome-paths-1.0.1.tgz",
      "integrity": "sha512-yeWKB6TDWUL6qJDYGq14Z/ZT+/+dDVFF3hHd+R+D6+Yq7Z0fWwJvgZwzDC/14H7yN8qlC/cWQmVq3odOakX8GA==",
      "requires": {
        "karma-chrome-launcher": "^2.2.0"
      }
    },
    "fs-access": {
      "version": "1.0.1",
      "resolved": "https://registry.npmjs.org/fs-access/-/fs-access-1.0.1.tgz",
      "integrity": "sha512-05cXDIwNbFaoFWaz5gNHlUTbH5whiss/hr/ibzPd4MH3cR4w0ZKeIPiVdbyJurg3O5r/Bjpvn9KOb1/rPMf3nA==",
      "requires": {
        "null-check": "^1.0.0"
      }
    },
    "isexe": {
      "version": "2.0.0",
      "resolved": "https://registry.npmjs.org/isexe/-/isexe-2.0.0.tgz",
      "integrity": "sha512-RHxMLp9lnKHGHRng9QFhRCMbYAcVpn69smSGcq3f36xjgVVWThj4qqLbTLlq7Ssj8B+fIQ1EuCEGI2lKsyQeIw=="
    },
    "karma-chrome-launcher": {
      "version": "2.2.0",
      "resolved": "https://registry.npmjs.org/karma-chrome-launcher/-/karma-chrome-launcher-2.2.0.tgz",
      "integrity": "sha512-uf/ZVpAabDBPvdPdveyk1EPgbnloPvFFGgmRhYLTDH7gEB4nZdSBk8yTU47w1g/drLSx5uMOkjKk7IWKfWg/+w==",
      "requires": {
        "fs-access": "^1.0.0",
        "which": "^1.2.1"
      }
    },
    "null-check": {
      "version": "1.0.0",
      "resolved": "https://registry.npmjs.org/null-check/-/null-check-1.0.0.tgz",
      "integrity": "sha512-j8ZNHg19TyIQOWCGeeQJBuu6xZYIEurf8M1Qsfd8mFrGEfIZytbw18YjKWg+LcO25NowXGZXZpKAx+Ui3TFfDw=="
    },
    "which": {
      "version": "1.3.1",
      "resolved": "https://registry.npmjs.org/which/-/which-1.3.1.tgz",
      "integrity": "sha512-HxJdYWq1MTIQbJ3nw0cqssHoTNU267KlrDuGZ1WYlxDStUtKUhOaJmh112/TZmHxxUfuJqPXSOm7tDyas0OSIQ==",
      "requires": {
        "isexe": "^2.0.0"
      }
    }
  }
}
